
Microsoft Visual Studio Solution File, Format Version 12.00
# Visual Studio 2013
VisualStudioVersion = 12.0.31101.0
MinimumVisualStudioVersion = 10.0.40219.1
Project("{FAE04EC0-301F-11D3-BF4B-00C04F79EFBC}") = "Service", "Service\Service.csproj", "{293C0300-C4DC-4266-B0A4-EA3B656B1E19}"
EndProject
Project("{2150E333-8FDC-42A3-9474-1A3956D46DE8}") = "Documentation", "Documentation", "{BE3C3329-3A2E-402D-90A7-3AB2365E7FD4}"
	ProjectSection(SolutionItems) = preProject
		readme.md = readme.md
	EndProjectSection
EndProject
Project("{2150E333-8FDC-42A3-9474-1A3956D46DE8}") = "Core", "Core", "{DD812D45-B41B-4BE0-BEE4-3933196B126D}"
EndProject
Project("{FAE04EC0-301F-11D3-BF4B-00C04F79EFBC}") = "OfficeDevPnP.Core", "..\..\OfficeDevPnP.Core\OfficeDevPnP.Core\OfficeDevPnP.Core.csproj", "{F2077977-8EBF-409D-BBF4-8EFB328928A8}"
EndProject
Project("{930C7802-8A8C-48F9-8165-68863BCCD9DD}") = "Setup", "Setup\Setup.wixproj", "{2E069C15-2C1C-4988-8790-179BBE2AD5C5}"
EndProject
Global
	GlobalSection(SolutionConfigurationPlatforms) = preSolution
		Debug|Any CPU = Debug|Any CPU
		Debug|Mixed Platforms = Debug|Mixed Platforms
		Debug|x86 = Debug|x86
		Debug15|Any CPU = Debug15|Any CPU
		Debug15|Mixed Platforms = Debug15|Mixed Platforms
		Debug15|x86 = Debug15|x86
		Release|Any CPU = Release|Any CPU
		Release|Mixed Platforms = Release|Mixed Platforms
		Release|x86 = Release|x86
		Release15|Any CPU = Release15|Any CPU
		Release15|Mixed Platforms = Release15|Mixed Platforms
		Release15|x86 = Release15|x86
	EndGlobalSection
	GlobalSection(ProjectConfigurationPlatforms) = postSolution
		{293C0300-C4DC-4266-B0A4-EA3B656B1E19}.Debug|Any CPU.ActiveCfg = Debug|Any CPU
		{293C0300-C4DC-4266-B0A4-EA3B656B1E19}.Debug|Any CPU.Build.0 = Debug|Any CPU
		{293C0300-C4DC-4266-B0A4-EA3B656B1E19}.Debug|Mixed Platforms.ActiveCfg = Debug|Any CPU
		{293C0300-C4DC-4266-B0A4-EA3B656B1E19}.Debug|Mixed Platforms.Build.0 = Debug|Any CPU
		{293C0300-C4DC-4266-B0A4-EA3B656B1E19}.Debug|x86.ActiveCfg = Debug|Any CPU
		{293C0300-C4DC-4266-B0A4-EA3B656B1E19}.Debug15|Any CPU.ActiveCfg = Debug|Any CPU
		{293C0300-C4DC-4266-B0A4-EA3B656B1E19}.Debug15|Any CPU.Build.0 = Debug|Any CPU
		{293C0300-C4DC-4266-B0A4-EA3B656B1E19}.Debug15|Mixed Platforms.ActiveCfg = Debug|Any CPU
		{293C0300-C4DC-4266-B0A4-EA3B656B1E19}.Debug15|Mixed Platforms.Build.0 = Debug|Any CPU
		{293C0300-C4DC-4266-B0A4-EA3B656B1E19}.Debug15|x86.ActiveCfg = Debug|Any CPU
		{293C0300-C4DC-4266-B0A4-EA3B656B1E19}.Release|Any CPU.ActiveCfg = Release|Any CPU
		{293C0300-C4DC-4266-B0A4-EA3B656B1E19}.Release|Any CPU.Build.0 = Release|Any CPU
		{293C0300-C4DC-4266-B0A4-EA3B656B1E19}.Release|Mixed Platforms.ActiveCfg = Release|Any CPU
		{293C0300-C4DC-4266-B0A4-EA3B656B1E19}.Release|Mixed Platforms.Build.0 = Release|Any CPU
		{293C0300-C4DC-4266-B0A4-EA3B656B1E19}.Release|x86.ActiveCfg = Release|Any CPU
		{293C0300-C4DC-4266-B0A4-EA3B656B1E19}.Release15|Any CPU.ActiveCfg = Release|Any CPU
		{293C0300-C4DC-4266-B0A4-EA3B656B1E19}.Release15|Any CPU.Build.0 = Release|Any CPU
		{293C0300-C4DC-4266-B0A4-EA3B656B1E19}.Release15|Mixed Platforms.ActiveCfg = Release|Any CPU
		{293C0300-C4DC-4266-B0A4-EA3B656B1E19}.Release15|Mixed Platforms.Build.0 = Release|Any CPU
		{293C0300-C4DC-4266-B0A4-EA3B656B1E19}.Release15|x86.ActiveCfg = Release|Any CPU
		{F2077977-8EBF-409D-BBF4-8EFB328928A8}.Debug|Any CPU.ActiveCfg = Debug|Any CPU
		{F2077977-8EBF-409D-BBF4-8EFB328928A8}.Debug|Any CPU.Build.0 = Debug|Any CPU
		{F2077977-8EBF-409D-BBF4-8EFB328928A8}.Debug|Mixed Platforms.ActiveCfg = Debug|Any CPU
		{F2077977-8EBF-409D-BBF4-8EFB328928A8}.Debug|Mixed Platforms.Build.0 = Debug|Any CPU
		{F2077977-8EBF-409D-BBF4-8EFB328928A8}.Debug|x86.ActiveCfg = Debug|Any CPU
		{F2077977-8EBF-409D-BBF4-8EFB328928A8}.Debug15|Any CPU.ActiveCfg = Debug15|Any CPU
		{F2077977-8EBF-409D-BBF4-8EFB328928A8}.Debug15|Any CPU.Build.0 = Debug15|Any CPU
		{F2077977-8EBF-409D-BBF4-8EFB328928A8}.Debug15|Mixed Platforms.ActiveCfg = Debug15|Any CPU
		{F2077977-8EBF-409D-BBF4-8EFB328928A8}.Debug15|Mixed Platforms.Build.0 = Debug15|Any CPU
		{F2077977-8EBF-409D-BBF4-8EFB328928A8}.Debug15|x86.ActiveCfg = Debug15|Any CPU
		{F2077977-8EBF-409D-BBF4-8EFB328928A8}.Release|Any CPU.ActiveCfg = Release|Any CPU
		{F2077977-8EBF-409D-BBF4-8EFB328928A8}.Release|Any CPU.Build.0 = Release|Any CPU
		{F2077977-8EBF-409D-BBF4-8EFB328928A8}.Release|Mixed Platforms.ActiveCfg = Release|Any CPU
		{F2077977-8EBF-409D-BBF4-8EFB328928A8}.Release|Mixed Platforms.Build.0 = Release|Any CPU
		{F2077977-8EBF-409D-BBF4-8EFB328928A8}.Release|x86.ActiveCfg = Release|Any CPU
		{F2077977-8EBF-409D-BBF4-8EFB328928A8}.Release15|Any CPU.ActiveCfg = Release15|Any CPU
		{F2077977-8EBF-409D-BBF4-8EFB328928A8}.Release15|Any CPU.Build.0 = Release15|Any CPU
		{F2077977-8EBF-409D-BBF4-8EFB328928A8}.Release15|Mixed Platforms.ActiveCfg = Release15|Any CPU
		{F2077977-8EBF-409D-BBF4-8EFB328928A8}.Release15|Mixed Platforms.Build.0 = Release15|Any CPU
		{F2077977-8EBF-409D-BBF4-8EFB328928A8}.Release15|x86.ActiveCfg = Release15|Any CPU
		{2E069C15-2C1C-4988-8790-179BBE2AD5C5}.Debug|Any CPU.ActiveCfg = Debug|x86
		{2E069C15-2C1C-4988-8790-179BBE2AD5C5}.Debug|Mixed Platforms.ActiveCfg = Debug|x86
		{2E069C15-2C1C-4988-8790-179BBE2AD5C5}.Debug|Mixed Platforms.Build.0 = Debug|x86
		{2E069C15-2C1C-4988-8790-179BBE2AD5C5}.Debug|x86.ActiveCfg = Debug|x86
		{2E069C15-2C1C-4988-8790-179BBE2AD5C5}.Debug|x86.Build.0 = Debug|x86
		{2E069C15-2C1C-4988-8790-179BBE2AD5C5}.Debug15|Any CPU.ActiveCfg = Debug|x86
		{2E069C15-2C1C-4988-8790-179BBE2AD5C5}.Debug15|Mixed Platforms.ActiveCfg = Debug|x86
		{2E069C15-2C1C-4988-8790-179BBE2AD5C5}.Debug15|Mixed Platforms.Build.0 = Debug|x86
		{2E069C15-2C1C-4988-8790-179BBE2AD5C5}.Debug15|x86.ActiveCfg = Debug|x86
		{2E069C15-2C1C-4988-8790-179BBE2AD5C5}.Debug15|x86.Build.0 = Debug|x86
		{2E069C15-2C1C-4988-8790-179BBE2AD5C5}.Release|Any CPU.ActiveCfg = Release|x86
		{2E069C15-2C1C-4988-8790-179BBE2AD5C5}.Release|Mixed Platforms.ActiveCfg = Release|x86
		{2E069C15-2C1C-4988-8790-179BBE2AD5C5}.Release|Mixed Platforms.Build.0 = Release|x86
		{2E069C15-2C1C-4988-8790-179BBE2AD5C5}.Release|x86.ActiveCfg = Release|x86
		{2E069C15-2C1C-4988-8790-179BBE2AD5C5}.Release|x86.Build.0 = Release|x86
		{2E069C15-2C1C-4988-8790-179BBE2AD5C5}.Release15|Any CPU.ActiveCfg = Release|x86
		{2E069C15-2C1C-4988-8790-179BBE2AD5C5}.Release15|Mixed Platforms.ActiveCfg = Release|x86
		{2E069C15-2C1C-4988-8790-179BBE2AD5C5}.Release15|Mixed Platforms.Build.0 = Release|x86
		{2E069C15-2C1C-4988-8790-179BBE2AD5C5}.Release15|x86.ActiveCfg = Release|x86
		{2E069C15-2C1C-4988-8790-179BBE2AD5C5}.Release15|x86.Build.0 = Release|x86
	EndGlobalSection
	GlobalSection(SolutionProperties) = preSolution
		HideSolutionNode = FALSE
	EndGlobalSection
	GlobalSection(NestedProjects) = preSolution
		{F2077977-8EBF-409D-BBF4-8EFB328928A8} = {DD812D45-B41B-4BE0-BEE4-3933196B126D}
	EndGlobalSection
EndGlobal
